<?xml version="1.0" encoding="utf-8"?>
<Project ToolsVersion="4.0" xmlns="http://schemas.microsoft.com/developer/msbuild/2003">
  <ItemGroup>
    <ClCompile Include="impl.cpp" />
    <ClCompile Include="main.cpp" />
    <ClCompile Include="minhook\src\trampoline.c" />
    <ClCompile Include="minhook\src\buffer.c">
      <Filter>minhook</Filter>
    </ClCompile>
    <ClCompile Include="minhook\src\hde\hde64.c">
      <Filter>minhook</Filter>
    </ClCompile>
    <ClCompile Include="minhook\src\hook.c">
      <Filter>minhook</Filter>
    </ClCompile>
  </ItemGroup>
  <ItemGroup>
    <ClInclude Include="impl.h" />
    <ClInclude Include="log.h" />
    <ClInclude Include="util.h" />
    <ClInclude Include="Shaders\Grass.h">
      <Filter>Shaders</Filter>
    </ClInclude>
    <ClInclude Include="Shaders\Particle1.h">
      <Filter>Shaders</Filter>
    </ClInclude>
    <ClInclude Include="Shaders\RadialBlur.h">
      <Filter>Shaders</Filter>
    </ClInclude>
    <ClInclude Include="Shaders\Tex.h">
      <Filter>Shaders</Filter>
    </ClInclude>
    <ClInclude Include="Shaders\VolumeFog.h">
      <Filter>Shaders</Filter>
    </ClInclude>
    <ClInclude Include="Shaders\Shaderbool.h" />
  </ItemGroup>
  <ItemGroup>
    <None Include=".gitignore" />
  </ItemGroup>
  <ItemGroup>
    <Filter Include="Shaders">
      <UniqueIdentifier>{2a36cb7f-21e2-4640-a447-1be8aa13fad8}</UniqueIdentifier>
    </Filter>
    <Filter Include="minhook">
      <UniqueIdentifier>{5c578b33-ea9f-4546-ac1b-108deee375d3}</UniqueIdentifier>
    </Filter>
  </ItemGroup>
</Project>