<?xml version="1.0" encoding="utf-8"?>
<Project ToolsVersion="4.0" xmlns="http://schemas.microsoft.com/developer/msbuild/2003">
  <ItemGroup>
    <ClCompile Include="impl.cpp" />
    <ClCompile Include="main.cpp" />
    <ClCompile Include="minhook\src\buffer.c">
      <Filter>minhook</Filter>
    </ClCompile>
    <ClCompile Include="minhook\src\hde\hde64.c">
      <Filter>minhook</Filter>
    </ClCompile>
    <ClCompile Include="minhook\src\hook.c">
      <Filter>minhook</Filter>
    </ClCompile>
    <ClCompile Include="minhook\src\trampoline.c">
      <Filter>minhook</Filter>
    </ClCompile>
    <ClCompile Include="include\LightningScanner\src\CpuInfo.cpp">
      <Filter>scan</Filter>
    </ClCompile>
    <ClCompile Include="include\LightningScanner\src\backends\Avx2.cpp">
      <Filter>scan</Filter>
    </ClCompile>
    <ClCompile Include="include\LightningScanner\src\backends\Scalar.cpp">
      <Filter>scan</Filter>
    </ClCompile>
    <ClCompile Include="include\LightningScanner\src\backends\Sse42.cpp">
      <Filter>scan</Filter>
    </ClCompile>
  </ItemGroup>
  <ItemGroup>
    <ClInclude Include="impl.h" />
    <ClInclude Include="log.h" />
    <ClInclude Include="util.h" />
    <ClInclude Include="Shaders\Grass.h">
      <Filter>Shaders</Filter>
    </ClInclude>
    <ClInclude Include="Shaders\Particle1.h">
      <Filter>Shaders</Filter>
    </ClInclude>
    <ClInclude Include="Shaders\RadialBlur.h">
      <Filter>Shaders</Filter>
    </ClInclude>
    <ClInclude Include="Shaders\Tex.h">
      <Filter>Shaders</Filter>
    </ClInclude>
    <ClInclude Include="Shaders\VolumeFog.h">
      <Filter>Shaders</Filter>
    </ClInclude>
    <ClInclude Include="Shaders\Shadow.h">
      <Filter>Shaders</Filter>
    </ClInclude>
    <ClInclude Include="Shaders\Default.h">
      <Filter>Shaders</Filter>
    </ClInclude>
    <ClInclude Include="Shaders\Terrain.h">
      <Filter>Shaders</Filter>
    </ClInclude>
    <ClInclude Include="Shaders\Spherical.h">
      <Filter>Shaders</Filter>
    </ClInclude>
    <ClInclude Include="Shaders\Player.h">
      <Filter>Shaders</Filter>
    </ClInclude>
    <ClInclude Include="minhook\include\MinHook.h">
      <Filter>minhook</Filter>
    </ClInclude>
    <ClInclude Include="Shaderbool.h" />
    <ClInclude Include="Shaders\SkyBox.h">
      <Filter>Shaders</Filter>
    </ClInclude>
    <ClInclude Include="Shaders\DiffSpheric.h">
      <Filter>Shaders</Filter>
    </ClInclude>
  </ItemGroup>
  <ItemGroup>
    <None Include=".gitignore" />
  </ItemGroup>
  <ItemGroup>
    <Filter Include="Shaders">
      <UniqueIdentifier>{2a36cb7f-21e2-4640-a447-1be8aa13fad8}</UniqueIdentifier>
    </Filter>
    <Filter Include="minhook">
      <UniqueIdentifier>{5c578b33-ea9f-4546-ac1b-108deee375d3}</UniqueIdentifier>
    </Filter>
    <Filter Include="assembly">
      <UniqueIdentifier>{22c862f7-39da-4332-9f47-841eef843de3}</UniqueIdentifier>
    </Filter>
    <Filter Include="scan">
      <UniqueIdentifier>{0e88ad08-a0b8-41fb-8cda-4a16a2152d6e}</UniqueIdentifier>
    </Filter>
  </ItemGroup>
  <ItemGroup>
    <MASM Include="cpuid.asm">
      <Filter>assembly</Filter>
    </MASM>
  </ItemGroup>
</Project>